
Microsoft Visual Studio Solution File, Format Version 11.00
# Visual C++ Express 2010
Project("{8BC9CEB8-8B4A-11D0-8D11-00A0C91BC942}") = "soccer_vision_VS", "soccer_vision_VS.vcxproj", "{B839F42C-8D4F-E8ED-4CD5-CF49AB817258}"
EndProject
Global
	GlobalSection(SolutionConfigurationPlatforms) = preSolution
		Release|Win32 = Release|Win32
	EndGlobalSection
	GlobalSection(ProjectConfigurationPlatforms) = postSolution
		{B839F42C-8D4F-E8ED-4CD5-CF49AB817258}.Release|Win32.ActiveCfg = Release|Win32
		{B839F42C-8D4F-E8ED-4CD5-CF49AB817258}.Release|Win32.Build.0 = Release|Win32
	EndGlobalSection
	GlobalSection(SolutionProperties) = preSolution
		HideSolutionNode = FALSE
	EndGlobalSection
EndGlobal
