
Microsoft Visual Studio Solution File, Format Version 11.00
# Visual C++ Express 2010
Project("{8BC9CEB8-8B4A-11D0-8D11-00A0C91BC942}") = "nao_soccer", "nao_soccer.vcxproj", "{02CB07D7-A151-26D5-58AD-E2DBD62892E2}"
EndProject
Global
	GlobalSection(SolutionConfigurationPlatforms) = preSolution
		Release|Win32 = Release|Win32
	EndGlobalSection
	GlobalSection(ProjectConfigurationPlatforms) = postSolution
		{02CB07D7-A151-26D5-58AD-E2DBD62892E2}.Release|Win32.ActiveCfg = Release|Win32
		{02CB07D7-A151-26D5-58AD-E2DBD62892E2}.Release|Win32.Build.0 = Release|Win32
	EndGlobalSection
	GlobalSection(SolutionProperties) = preSolution
		HideSolutionNode = FALSE
	EndGlobalSection
EndGlobal
